// !$*UTF8*$!
{
	archiveVersion = 1;
	classes = {
	};
	objectVersion = 55;
	objects = {

/* Begin PBXBuildFile section */
		5BBDF0332926C8E600E55B67 /* AppDelegate.swift in Sources */ = {isa = PBXBuildFile; fileRef = 5BBDF0322926C8E600E55B67 /* AppDelegate.swift */; };
		5BBDF0352926C8E600E55B67 /* SceneDelegate.swift in Sources */ = {isa = PBXBuildFile; fileRef = 5BBDF0342926C8E600E55B67 /* SceneDelegate.swift */; };
		5BBDF0372926C8E600E55B67 /* ViewController.swift in Sources */ = {isa = PBXBuildFile; fileRef = 5BBDF0362926C8E600E55B67 /* ViewController.swift */; };
		5BBDF03A2926C8E600E55B67 /* Main.storyboard in Resources */ = {isa = PBXBuildFile; fileRef = 5BBDF0382926C8E600E55B67 /* Main.storyboard */; };
		5BBDF03C2926C8E800E55B67 /* Assets.xcassets in Resources */ = {isa = PBXBuildFile; fileRef = 5BBDF03B2926C8E800E55B67 /* Assets.xcassets */; };
		5BBDF03F2926C8E800E55B67 /* LaunchScreen.storyboard in Resources */ = {isa = PBXBuildFile; fileRef = 5BBDF03D2926C8E800E55B67 /* LaunchScreen.storyboard */; };
		5BBDF04A2926C8E800E55B67 /* VehiclesTests.swift in Sources */ = {isa = PBXBuildFile; fileRef = 5BBDF0492926C8E800E55B67 /* VehiclesTests.swift */; };
		5BBDF0542926C8E800E55B67 /* VehiclesUITests.swift in Sources */ = {isa = PBXBuildFile; fileRef = 5BBDF0532926C8E800E55B67 /* VehiclesUITests.swift */; };
		5BBDF0562926C8E800E55B67 /* VehiclesUITestsLaunchTests.swift in Sources */ = {isa = PBXBuildFile; fileRef = 5BBDF0552926C8E800E55B67 /* VehiclesUITestsLaunchTests.swift */; };
/* End PBXBuildFile section */

/* Begin PBXContainerItemProxy section */
		5BBDF0462926C8E800E55B67 /* PBXContainerItemProxy */ = {
			isa = PBXContainerItemProxy;
			containerPortal = 5BBDF0272926C8E600E55B67 /* Project object */;
			proxyType = 1;
			remoteGlobalIDString = 5BBDF02E2926C8E600E55B67;
			remoteInfo = Vehicles;
		};
		5BBDF0502926C8E800E55B67 /* PBXContainerItemProxy */ = {
			isa = PBXContainerItemProxy;
			containerPortal = 5BBDF0272926C8E600E55B67 /* Project object */;
			proxyType = 1;
			remoteGlobalIDString = 5BBDF02E2926C8E600E55B67;
			remoteInfo = Vehicles;
		};
/* End PBXContainerItemProxy section */

/* Begin PBXFileReference section */
		5BBDF02F2926C8E600E55B67 /* Vehicles.app */ = {isa = PBXFileReference; explicitFileType = wrapper.application; includeInIndex = 0; path = Vehicles.app; sourceTree = BUILT_PRODUCTS_DIR; };
		5BBDF0322926C8E600E55B67 /* AppDelegate.swift */ = {isa = PBXFileReference; lastKnownFileType = sourcecode.swift; path = AppDelegate.swift; sourceTree = "<group>"; };
		5BBDF0342926C8E600E55B67 /* SceneDelegate.swift */ = {isa = PBXFileReference; lastKnownFileType = sourcecode.swift; path = SceneDelegate.swift; sourceTree = "<group>"; };
		5BBDF0362926C8E600E55B67 /* ViewController.swift */ = {isa = PBXFileReference; lastKnownFileType = sourcecode.swift; path = ViewController.swift; sourceTree = "<group>"; };
		5BBDF0392926C8E600E55B67 /* Base */ = {isa = PBXFileReference; lastKnownFileType = file.storyboard; name = Base; path = Base.lproj/Main.storyboard; sourceTree = "<group>"; };
		5BBDF03B2926C8E800E55B67 /* Assets.xcassets */ = {isa = PBXFileReference; lastKnownFileType = folder.assetcatalog; path = Assets.xcassets; sourceTree = "<group>"; };
		5BBDF03E2926C8E800E55B67 /* Base */ = {isa = PBXFileReference; lastKnownFileType = file.storyboard; name = Base; path = Base.lproj/LaunchScreen.storyboard; sourceTree = "<group>"; };
		5BBDF0402926C8E800E55B67 /* Info.plist */ = {isa = PBXFileReference; lastKnownFileType = text.plist.xml; path = Info.plist; sourceTree = "<group>"; };
		5BBDF0452926C8E800E55B67 /* VehiclesTests.xctest */ = {isa = PBXFileReference; explicitFileType = wrapper.cfbundle; includeInIndex = 0; path = VehiclesTests.xctest; sourceTree = BUILT_PRODUCTS_DIR; };
		5BBDF0492926C8E800E55B67 /* VehiclesTests.swift */ = {isa = PBXFileReference; lastKnownFileType = sourcecode.swift; path = VehiclesTests.swift; sourceTree = "<group>"; };
		5BBDF04F2926C8E800E55B67 /* VehiclesUITests.xctest */ = {isa = PBXFileReference; explicitFileType = wrapper.cfbundle; includeInIndex = 0; path = VehiclesUITests.xctest; sourceTree = BUILT_PRODUCTS_DIR; };
		5BBDF0532926C8E800E55B67 /* VehiclesUITests.swift */ = {isa = PBXFileReference; lastKnownFileType = sourcecode.swift; path = VehiclesUITests.swift; sourceTree = "<group>"; };
		5BBDF0552926C8E800E55B67 /* VehiclesUITestsLaunchTests.swift */ = {isa = PBXFileReference; lastKnownFileType = sourcecode.swift; path = VehiclesUITestsLaunchTests.swift; sourceTree = "<group>"; };
/* End PBXFileReference section */

/* Begin PBXFrameworksBuildPhase section */
		5BBDF02C2926C8E600E55B67 /* Frameworks */ = {
			isa = PBXFrameworksBuildPhase;
			buildActionMask = 2147483647;
			files = (
			);
			runOnlyForDeploymentPostprocessing = 0;
		};
		5BBDF0422926C8E800E55B67 /* Frameworks */ = {
			isa = PBXFrameworksBuildPhase;
			buildActionMask = 2147483647;
			files = (
			);
			runOnlyForDeploymentPostprocessing = 0;
		};
		5BBDF04C2926C8E800E55B67 /* Frameworks */ = {
			isa = PBXFrameworksBuildPhase;
			buildActionMask = 2147483647;
			files = (
			);
			runOnlyForDeploymentPostprocessing = 0;
		};
/* End PBXFrameworksBuildPhase section */

/* Begin PBXGroup section */
		5BBDF0262926C8E600E55B67 = {
			isa = PBXGroup;
			children = (
				5BBDF0312926C8E600E55B67 /* Vehicles */,
				5BBDF0482926C8E800E55B67 /* VehiclesTests */,
				5BBDF0522926C8E800E55B67 /* VehiclesUITests */,
				5BBDF0302926C8E600E55B67 /* Products */,
			);
			sourceTree = "<group>";
		};
		5BBDF0302926C8E600E55B67 /* Products */ = {
			isa = PBXGroup;
			children = (
				5BBDF02F2926C8E600E55B67 /* Vehicles.app */,
				5BBDF0452926C8E800E55B67 /* VehiclesTests.xctest */,
				5BBDF04F2926C8E800E55B67 /* VehiclesUITests.xctest */,
			);
			name = Products;
			sourceTree = "<group>";
		};
		5BBDF0312926C8E600E55B67 /* Vehicles */ = {
			isa = PBXGroup;
			children = (
				5BBDF0322926C8E600E55B67 /* AppDelegate.swift */,
				5BBDF0342926C8E600E55B67 /* SceneDelegate.swift */,
				5BBDF0362926C8E600E55B67 /* ViewController.swift */,
				5BBDF0382926C8E600E55B67 /* Main.storyboard */,
				5BBDF03B2926C8E800E55B67 /* Assets.xcassets */,
				5BBDF03D2926C8E800E55B67 /* LaunchScreen.storyboard */,
				5BBDF0402926C8E800E55B67 /* Info.plist */,
			);
			path = Vehicles;
			sourceTree = "<group>";
		};
		5BBDF0482926C8E800E55B67 /* VehiclesTests */ = {
			isa = PBXGroup;
			children = (
				5BBDF0492926C8E800E55B67 /* VehiclesTests.swift */,
			);
			path = VehiclesTests;
			sourceTree = "<group>";
		};
		5BBDF0522926C8E800E55B67 /* VehiclesUITests */ = {
			isa = PBXGroup;
			children = (
				5BBDF0532926C8E800E55B67 /* VehiclesUITests.swift */,
				5BBDF0552926C8E800E55B67 /* VehiclesUITestsLaunchTests.swift */,
			);
			path = VehiclesUITests;
			sourceTree = "<group>";
		};
/* End PBXGroup section */

/* Begin PBXNativeTarget section */
		5BBDF02E2926C8E600E55B67 /* Vehicles */ = {
			isa = PBXNativeTarget;
			buildConfigurationList = 5BBDF0592926C8E800E55B67 /* Build configuration list for PBXNativeTarget "Vehicles" */;
			buildPhases = (
				5BBDF02B2926C8E600E55B67 /* Sources */,
				5BBDF02C2926C8E600E55B67 /* Frameworks */,
				5BBDF02D2926C8E600E55B67 /* Resources */,
			);
			buildRules = (
			);
			dependencies = (
			);
			name = Vehicles;
			productName = Vehicles;
			productReference = 5BBDF02F2926C8E600E55B67 /* Vehicles.app */;
			productType = "com.apple.product-type.application";
		};
		5BBDF0442926C8E800E55B67 /* VehiclesTests */ = {
			isa = PBXNativeTarget;
			buildConfigurationList = 5BBDF05C2926C8E800E55B67 /* Build configuration list for PBXNativeTarget "VehiclesTests" */;
			buildPhases = (
				5BBDF0412926C8E800E55B67 /* Sources */,
				5BBDF0422926C8E800E55B67 /* Frameworks */,
				5BBDF0432926C8E800E55B67 /* Resources */,
			);
			buildRules = (
			);
			dependencies = (
				5BBDF0472926C8E800E55B67 /* PBXTargetDependency */,
			);
			name = VehiclesTests;
			productName = VehiclesTests;
			productReference = 5BBDF0452926C8E800E55B67 /* VehiclesTests.xctest */;
			productType = "com.apple.product-type.bundle.unit-test";
		};
		5BBDF04E2926C8E800E55B67 /* VehiclesUITests */ = {
			isa = PBXNativeTarget;
			buildConfigurationList = 5BBDF05F2926C8E800E55B67 /* Build configuration list for PBXNativeTarget "VehiclesUITests" */;
			buildPhases = (
				5BBDF04B2926C8E800E55B67 /* Sources */,
				5BBDF04C2926C8E800E55B67 /* Frameworks */,
				5BBDF04D2926C8E800E55B67 /* Resources */,
			);
			buildRules = (
			);
			dependencies = (
				5BBDF0512926C8E800E55B67 /* PBXTargetDependency */,
			);
			name = VehiclesUITests;
			productName = VehiclesUITests;
			productReference = 5BBDF04F2926C8E800E55B67 /* VehiclesUITests.xctest */;
			productType = "com.apple.product-type.bundle.ui-testing";
		};
/* End PBXNativeTarget section */

/* Begin PBXProject section */
		5BBDF0272926C8E600E55B67 /* Project object */ = {
			isa = PBXProject;
			attributes = {
				BuildIndependentTargetsInParallel = 1;
				LastSwiftUpdateCheck = 1330;
				LastUpgradeCheck = 1330;
				TargetAttributes = {
					5BBDF02E2926C8E600E55B67 = {
						CreatedOnToolsVersion = 13.3;
					};
					5BBDF0442926C8E800E55B67 = {
						CreatedOnToolsVersion = 13.3;
						TestTargetID = 5BBDF02E2926C8E600E55B67;
					};
					5BBDF04E2926C8E800E55B67 = {
						CreatedOnToolsVersion = 13.3;
						TestTargetID = 5BBDF02E2926C8E600E55B67;
					};
				};
			};
			buildConfigurationList = 5BBDF02A2926C8E600E55B67 /* Build configuration list for PBXProject "Vehicles" */;
			compatibilityVersion = "Xcode 13.0";
			developmentRegion = en;
			hasScannedForEncodings = 0;
			knownRegions = (
				en,
				Base,
			);
			mainGroup = 5BBDF0262926C8E600E55B67;
			productRefGroup = 5BBDF0302926C8E600E55B67 /* Products */;
			projectDirPath = "";
			projectRoot = "";
			targets = (
				5BBDF02E2926C8E600E55B67 /* Vehicles */,
				5BBDF0442926C8E800E55B67 /* VehiclesTests */,
				5BBDF04E2926C8E800E55B67 /* VehiclesUITests */,
			);
		};
/* End PBXProject section */

/* Begin PBXResourcesBuildPhase section */
		5BBDF02D2926C8E600E55B67 /* Resources */ = {
			isa = PBXResourcesBuildPhase;
			buildActionMask = 2147483647;
			files = (
				5BBDF03F2926C8E800E55B67 /* LaunchScreen.storyboard in Resources */,
				5BBDF03C2926C8E800E55B67 /* Assets.xcassets in Resources */,
				5BBDF03A2926C8E600E55B67 /* Main.storyboard in Resources */,
			);
			runOnlyForDeploymentPostprocessing = 0;
		};
		5BBDF0432926C8E800E55B67 /* Resources */ = {
			isa = PBXResourcesBuildPhase;
			buildActionMask = 2147483647;
			files = (
			);
			runOnlyForDeploymentPostprocessing = 0;
		};
		5BBDF04D2926C8E800E55B67 /* Resources */ = {
			isa = PBXResourcesBuildPhase;
			buildActionMask = 2147483647;
			files = (
			);
			runOnlyForDeploymentPostprocessing = 0;
		};
/* End PBXResourcesBuildPhase section */

/* Begin PBXSourcesBuildPhase section */
		5BBDF02B2926C8E600E55B67 /* Sources */ = {
			isa = PBXSourcesBuildPhase;
			buildActionMask = 2147483647;
			files = (
				5BBDF0372926C8E600E55B67 /* ViewController.swift in Sources */,
				5BBDF0332926C8E600E55B67 /* AppDelegate.swift in Sources */,
				5BBDF0352926C8E600E55B67 /* SceneDelegate.swift in Sources */,
			);
			runOnlyForDeploymentPostprocessing = 0;
		};
		5BBDF0412926C8E800E55B67 /* Sources */ = {
			isa = PBXSourcesBuildPhase;
			buildActionMask = 2147483647;
			files = (
				5BBDF04A2926C8E800E55B67 /* VehiclesTests.swift in Sources */,
			);
			runOnlyForDeploymentPostprocessing = 0;
		};
		5BBDF04B2926C8E800E55B67 /* Sources */ = {
			isa = PBXSourcesBuildPhase;
			buildActionMask = 2147483647;
			files = (
				5BBDF0562926C8E800E55B67 /* VehiclesUITestsLaunchTests.swift in Sources */,
				5BBDF0542926C8E800E55B67 /* VehiclesUITests.swift in Sources */,
			);
			runOnlyForDeploymentPostprocessing = 0;
		};
/* End PBXSourcesBuildPhase section */

/* Begin PBXTargetDependency section */
		5BBDF0472926C8E800E55B67 /* PBXTargetDependency */ = {
			isa = PBXTargetDependency;
			target = 5BBDF02E2926C8E600E55B67 /* Vehicles */;
			targetProxy = 5BBDF0462926C8E800E55B67 /* PBXContainerItemProxy */;
		};
		5BBDF0512926C8E800E55B67 /* PBXTargetDependency */ = {
			isa = PBXTargetDependency;
			target = 5BBDF02E2926C8E600E55B67 /* Vehicles */;
			targetProxy = 5BBDF0502926C8E800E55B67 /* PBXContainerItemProxy */;
		};
/* End PBXTargetDependency section */

/* Begin PBXVariantGroup section */
		5BBDF0382926C8E600E55B67 /* Main.storyboard */ = {
			isa = PBXVariantGroup;
			children = (
				5BBDF0392926C8E600E55B67 /* Base */,
			);
			name = Main.storyboard;
			sourceTree = "<group>";
		};
		5BBDF03D2926C8E800E55B67 /* LaunchScreen.storyboard */ = {
			isa = PBXVariantGroup;
			children = (
				5BBDF03E2926C8E800E55B67 /* Base */,
			);
			name = LaunchScreen.storyboard;
			sourceTree = "<group>";
		};
/* End PBXVariantGroup section */

/* Begin XCBuildConfiguration section */
		5BBDF0572926C8E800E55B67 /* Debug */ = {
			isa = XCBuildConfiguration;
			buildSettings = {
				ALWAYS_SEARCH_USER_PATHS = NO;
				CLANG_ANALYZER_NONNULL = YES;
				CLANG_ANALYZER_NUMBER_OBJECT_CONVERSION = YES_AGGRESSIVE;
				CLANG_CXX_LANGUAGE_STANDARD = "gnu++17";
				CLANG_ENABLE_MODULES = YES;
				CLANG_ENABLE_OBJC_ARC = YES;
				CLANG_ENABLE_OBJC_WEAK = YES;
				CLANG_WARN_BLOCK_CAPTURE_AUTORELEASING = YES;
				CLANG_WARN_BOOL_CONVERSION = YES;
				CLANG_WARN_COMMA = YES;
				CLANG_WARN_CONSTANT_CONVERSION = YES;
				CLANG_WARN_DEPRECATED_OBJC_IMPLEMENTATIONS = YES;
				CLANG_WARN_DIRECT_OBJC_ISA_USAGE = YES_ERROR;
				CLANG_WARN_DOCUMENTATION_COMMENTS = YES;
				CLANG_WARN_EMPTY_BODY = YES;
				CLANG_WARN_ENUM_CONVERSION = YES;
				CLANG_WARN_INFINITE_RECURSION = YES;
				CLANG_WARN_INT_CONVERSION = YES;
				CLANG_WARN_NON_LITERAL_NULL_CONVERSION = YES;
				CLANG_WARN_OBJC_IMPLICIT_RETAIN_SELF = YES;
				CLANG_WARN_OBJC_LITERAL_CONVERSION = YES;
				CLANG_WARN_OBJC_ROOT_CLASS = YES_ERROR;
				CLANG_WARN_QUOTED_INCLUDE_IN_FRAMEWORK_HEADER = YES;
				CLANG_WARN_RANGE_LOOP_ANALYSIS = YES;
				CLANG_WARN_STRICT_PROTOTYPES = YES;
				CLANG_WARN_SUSPICIOUS_MOVE = YES;
				CLANG_WARN_UNGUARDED_AVAILABILITY = YES_AGGRESSIVE;
				CLANG_WARN_UNREACHABLE_CODE = YES;
				CLANG_WARN__DUPLICATE_METHOD_MATCH = YES;
				COPY_PHASE_STRIP = NO;
				DEBUG_INFORMATION_FORMAT = dwarf;
				ENABLE_STRICT_OBJC_MSGSEND = YES;
				ENABLE_TESTABILITY = YES;
				GCC_C_LANGUAGE_STANDARD = gnu11;
				GCC_DYNAMIC_NO_PIC = NO;
				GCC_NO_COMMON_BLOCKS = YES;
				GCC_OPTIMIZATION_LEVEL = 0;
				GCC_PREPROCESSOR_DEFINITIONS = (
					"DEBUG=1",
					"$(inherited)",
				);
				GCC_WARN_64_TO_32_BIT_CONVERSION = YES;
				GCC_WARN_ABOUT_RETURN_TYPE = YES_ERROR;
				GCC_WARN_UNDECLARED_SELECTOR = YES;
				GCC_WARN_UNINITIALIZED_AUTOS = YES_AGGRESSIVE;
				GCC_WARN_UNUSED_FUNCTION = YES;
				GCC_WARN_UNUSED_VARIABLE = YES;
				IPHONEOS_DEPLOYMENT_TARGET = 15.4;
				MTL_ENABLE_DEBUG_INFO = INCLUDE_SOURCE;
				MTL_FAST_MATH = YES;
				ONLY_ACTIVE_ARCH = YES;
				SDKROOT = iphoneos;
				SWIFT_ACTIVE_COMPILATION_CONDITIONS = DEBUG;
				SWIFT_OPTIMIZATION_LEVEL = "-Onone";
			};
			name = Debug;
		};
		5BBDF0582926C8E800E55B67 /* Release */ = {
			isa = XCBuildConfiguration;
			buildSettings = {
				ALWAYS_SEARCH_USER_PATHS = NO;
				CLANG_ANALYZER_NONNULL = YES;
				CLANG_ANALYZER_NUMBER_OBJECT_CONVERSION = YES_AGGRESSIVE;
				CLANG_CXX_LANGUAGE_STANDARD = "gnu++17";
				CLANG_ENABLE_MODULES = YES;
				CLANG_ENABLE_OBJC_ARC = YES;
				CLANG_ENABLE_OBJC_WEAK = YES;
				CLANG_WARN_BLOCK_CAPTURE_AUTORELEASING = YES;
				CLANG_WARN_BOOL_CONVERSION = YES;
				CLANG_WARN_COMMA = YES;
				CLANG_WARN_CONSTANT_CONVERSION = YES;
				CLANG_WARN_DEPRECATED_OBJC_IMPLEMENTATIONS = YES;
				CLANG_WARN_DIRECT_OBJC_ISA_USAGE = YES_ERROR;
				CLANG_WARN_DOCUMENTATION_COMMENTS = YES;
				CLANG_WARN_EMPTY_BODY = YES;
				CLANG_WARN_ENUM_CONVERSION = YES;
				CLANG_WARN_INFINITE_RECURSION = YES;
				CLANG_WARN_INT_CONVERSION = YES;
				CLANG_WARN_NON_LITERAL_NULL_CONVERSION = YES;
				CLANG_WARN_OBJC_IMPLICIT_RETAIN_SELF = YES;
				CLANG_WARN_OBJC_LITERAL_CONVERSION = YES;
				CLANG_WARN_OBJC_ROOT_CLASS = YES_ERROR;
				CLANG_WARN_QUOTED_INCLUDE_IN_FRAMEWORK_HEADER = YES;
				CLANG_WARN_RANGE_LOOP_ANALYSIS = YES;
				CLANG_WARN_STRICT_PROTOTYPES = YES;
				CLANG_WARN_SUSPICIOUS_MOVE = YES;
				CLANG_WARN_UNGUARDED_AVAILABILITY = YES_AGGRESSIVE;
				CLANG_WARN_UNREACHABLE_CODE = YES;
				CLANG_WARN__DUPLICATE_METHOD_MATCH = YES;
				COPY_PHASE_STRIP = NO;
				DEBUG_INFORMATION_FORMAT = "dwarf-with-dsym";
				ENABLE_NS_ASSERTIONS = NO;
				ENABLE_STRICT_OBJC_MSGSEND = YES;
				GCC_C_LANGUAGE_STANDARD = gnu11;
				GCC_NO_COMMON_BLOCKS = YES;
				GCC_WARN_64_TO_32_BIT_CONVERSION = YES;
				GCC_WARN_ABOUT_RETURN_TYPE = YES_ERROR;
				GCC_WARN_UNDECLARED_SELECTOR = YES;
				GCC_WARN_UNINITIALIZED_AUTOS = YES_AGGRESSIVE;
				GCC_WARN_UNUSED_FUNCTION = YES;
				GCC_WARN_UNUSED_VARIABLE = YES;
				IPHONEOS_DEPLOYMENT_TARGET = 15.4;
				MTL_ENABLE_DEBUG_INFO = NO;
				MTL_FAST_MATH = YES;
				SDKROOT = iphoneos;
				SWIFT_COMPILATION_MODE = wholemodule;
				SWIFT_OPTIMIZATION_LEVEL = "-O";
				VALIDATE_PRODUCT = YES;
			};
			name = Release;
		};
		5BBDF05A2926C8E800E55B67 /* Debug */ = {
			isa = XCBuildConfiguration;
			buildSettings = {
				ASSETCATALOG_COMPILER_APPICON_NAME = AppIcon;
				ASSETCATALOG_COMPILER_GLOBAL_ACCENT_COLOR_NAME = AccentColor;
				CODE_SIGN_STYLE = Automatic;
				CURRENT_PROJECT_VERSION = 1;
				DEVELOPMENT_TEAM = 56ZKJG7GQF;
				GENERATE_INFOPLIST_FILE = YES;
				INFOPLIST_FILE = Vehicles/Info.plist;
				INFOPLIST_KEY_UIApplicationSupportsIndirectInputEvents = YES;
				INFOPLIST_KEY_UILaunchStoryboardName = LaunchScreen;
				INFOPLIST_KEY_UIMainStoryboardFile = Main;
				INFOPLIST_KEY_UISupportedInterfaceOrientations_iPad = "UIInterfaceOrientationPortrait UIInterfaceOrientationPortraitUpsideDown UIInterfaceOrientationLandscapeLeft UIInterfaceOrientationLandscapeRight";
				INFOPLIST_KEY_UISupportedInterfaceOrientations_iPhone = "UIInterfaceOrientationPortrait UIInterfaceOrientationLandscapeLeft UIInterfaceOrientationLandscapeRight";
				LD_RUNPATH_SEARCH_PATHS = (
					"$(inherited)",
					"@executable_path/Frameworks",
				);
				MARKETING_VERSION = 1.0;
				PRODUCT_BUNDLE_IDENTIFIER = com.ibm.Vehicles;
				PRODUCT_NAME = "$(TARGET_NAME)";
				SWIFT_EMIT_LOC_STRINGS = YES;
				SWIFT_VERSION = 5.0;
				TARGETED_DEVICE_FAMILY = "1,2";
			};
			name = Debug;
		};
		5BBDF05B2926C8E800E55B67 /* Release */ = {
			isa = XCBuildConfiguration;
			buildSettings = {
				ASSETCATALOG_COMPILER_APPICON_NAME = AppIcon;
				ASSETCATALOG_COMPILER_GLOBAL_ACCENT_COLOR_NAME = AccentColor;
				CODE_SIGN_STYLE = Automatic;
				CURRENT_PROJECT_VERSION = 1;
				DEVELOPMENT_TEAM = 56ZKJG7GQF;
				GENERATE_INFOPLIST_FILE = YES;
				INFOPLIST_FILE = Vehicles/Info.plist;
				INFOPLIST_KEY_UIApplicationSupportsIndirectInputEvents = YES;
				INFOPLIST_KEY_UILaunchStoryboardName = LaunchScreen;
				INFOPLIST_KEY_UIMainStoryboardFile = Main;
				INFOPLIST_KEY_UISupportedInterfaceOrientations_iPad = "UIInterfaceOrientationPortrait UIInterfaceOrientationPortraitUpsideDown UIInterfaceOrientationLandscapeLeft UIInterfaceOrientationLandscapeRight";
				INFOPLIST_KEY_UISupportedInterfaceOrientations_iPhone = "UIInterfaceOrientationPortrait UIInterfaceOrientationLandscapeLeft UIInterfaceOrientationLandscapeRight";
				LD_RUNPATH_SEARCH_PATHS = (
					"$(inherited)",
					"@executable_path/Frameworks",
				);
				MARKETING_VERSION = 1.0;
				PRODUCT_BUNDLE_IDENTIFIER = com.ibm.Vehicles;
				PRODUCT_NAME = "$(TARGET_NAME)";
				SWIFT_EMIT_LOC_STRINGS = YES;
				SWIFT_VERSION = 5.0;
				TARGETED_DEVICE_FAMILY = "1,2";
			};
			name = Release;
		};
		5BBDF05D2926C8E800E55B67 /* Debug */ = {
			isa = XCBuildConfiguration;
			buildSettings = {
				ALWAYS_EMBED_SWIFT_STANDARD_LIBRARIES = YES;
				BUNDLE_LOADER = "$(TEST_HOST)";
				CODE_SIGN_STYLE = Automatic;
				CURRENT_PROJECT_VERSION = 1;
				DEVELOPMENT_TEAM = 56ZKJG7GQF;
				GENERATE_INFOPLIST_FILE = YES;
				IPHONEOS_DEPLOYMENT_TARGET = 15.4;
				MARKETING_VERSION = 1.0;
				PRODUCT_BUNDLE_IDENTIFIER = com.ibm.VehiclesTests;
				PRODUCT_NAME = "$(TARGET_NAME)";
				SWIFT_EMIT_LOC_STRINGS = NO;
				SWIFT_VERSION = 5.0;
				TARGETED_DEVICE_FAMILY = "1,2";
				TEST_HOST = "$(BUILT_PRODUCTS_DIR)/Vehicles.app/Vehicles";
			};
			name = Debug;
		};
		5BBDF05E2926C8E800E55B67 /* Release */ = {
			isa = XCBuildConfiguration;
			buildSettings = {
				ALWAYS_EMBED_SWIFT_STANDARD_LIBRARIES = YES;
				BUNDLE_LOADER = "$(TEST_HOST)";
				CODE_SIGN_STYLE = Automatic;
				CURRENT_PROJECT_VERSION = 1;
				DEVELOPMENT_TEAM = 56ZKJG7GQF;
				GENERATE_INFOPLIST_FILE = YES;
				IPHONEOS_DEPLOYMENT_TARGET = 15.4;
				MARKETING_VERSION = 1.0;
				PRODUCT_BUNDLE_IDENTIFIER = com.ibm.VehiclesTests;
				PRODUCT_NAME = "$(TARGET_NAME)";
				SWIFT_EMIT_LOC_STRINGS = NO;
				SWIFT_VERSION = 5.0;
				TARGETED_DEVICE_FAMILY = "1,2";
				TEST_HOST = "$(BUILT_PRODUCTS_DIR)/Vehicles.app/Vehicles";
			};
			name = Release;
		};
		5BBDF0602926C8E800E55B67 /* Debug */ = {
			isa = XCBuildConfiguration;
			buildSettings = {
				ALWAYS_EMBED_SWIFT_STANDARD_LIBRARIES = YES;
				CODE_SIGN_STYLE = Automatic;
				CURRENT_PROJECT_VERSION = 1;
				DEVELOPMENT_TEAM = 56ZKJG7GQF;
				GENERATE_INFOPLIST_FILE = YES;
				MARKETING_VERSION = 1.0;
				PRODUCT_BUNDLE_IDENTIFIER = com.ibm.VehiclesUITests;
				PRODUCT_NAME = "$(TARGET_NAME)";
				SWIFT_EMIT_LOC_STRINGS = NO;
				SWIFT_VERSION = 5.0;
				TARGETED_DEVICE_FAMILY = "1,2";
				TEST_TARGET_NAME = Vehicles;
			};
			name = Debug;
		};
		5BBDF0612926C8E800E55B67 /* Release */ = {
			isa = XCBuildConfiguration;
			buildSettings = {
				ALWAYS_EMBED_SWIFT_STANDARD_LIBRARIES = YES;
				CODE_SIGN_STYLE = Automatic;
				CURRENT_PROJECT_VERSION = 1;
				DEVELOPMENT_TEAM = 56ZKJG7GQF;
				GENERATE_INFOPLIST_FILE = YES;
				MARKETING_VERSION = 1.0;
				PRODUCT_BUNDLE_IDENTIFIER = com.ibm.VehiclesUITests;
				PRODUCT_NAME = "$(TARGET_NAME)";
				SWIFT_EMIT_LOC_STRINGS = NO;
				SWIFT_VERSION = 5.0;
				TARGETED_DEVICE_FAMILY = "1,2";
				TEST_TARGET_NAME = Vehicles;
			};
			name = Release;
		};
/* End XCBuildConfiguration section */

/* Begin XCConfigurationList section */
		5BBDF02A2926C8E600E55B67 /* Build configuration list for PBXProject "Vehicles" */ = {
			isa = XCConfigurationList;
			buildConfigurations = (
				5BBDF0572926C8E800E55B67 /* Debug */,
				5BBDF0582926C8E800E55B67 /* Release */,
			);
			defaultConfigurationIsVisible = 0;
			defaultConfigurationName = Release;
		};
		5BBDF0592926C8E800E55B67 /* Build configuration list for PBXNativeTarget "Vehicles" */ = {
			isa = XCConfigurationList;
			buildConfigurations = (
				5BBDF05A2926C8E800E55B67 /* Debug */,
				5BBDF05B2926C8E800E55B67 /* Release */,
			);
			defaultConfigurationIsVisible = 0;
			defaultConfigurationName = Release;
		};
		5BBDF05C2926C8E800E55B67 /* Build configuration list for PBXNativeTarget "VehiclesTests" */ = {
			isa = XCConfigurationList;
			buildConfigurations = (
				5BBDF05D2926C8E800E55B67 /* Debug */,
				5BBDF05E2926C8E800E55B67 /* Release */,
			);
			defaultConfigurationIsVisible = 0;
			defaultConfigurationName = Release;
		};
		5BBDF05F2926C8E800E55B67 /* Build configuration list for PBXNativeTarget "VehiclesUITests" */ = {
			isa = XCConfigurationList;
			buildConfigurations = (
				5BBDF0602926C8E800E55B67 /* Debug */,
				5BBDF0612926C8E800E55B67 /* Release */,
			);
			defaultConfigurationIsVisible = 0;
			defaultConfigurationName = Release;
		};
/* End XCConfigurationList section */
	};
	rootObject = 5BBDF0272926C8E600E55B67 /* Project object */;
}
